// !$*UTF8*$!
{
	archiveVersion = 1;
	classes = {
	};
	objectVersion = 46;
	objects = {

/* Begin PBXBuildFile section */
		64D4F0551B88F7FB00E5FB4B /* AppDelegate.swift in Sources */ = {isa = PBXBuildFile; fileRef = 64D4F0541B88F7FB00E5FB4B /* AppDelegate.swift */; };
		64D4F0571B88F7FB00E5FB4B /* ViewController.swift in Sources */ = {isa = PBXBuildFile; fileRef = 64D4F0561B88F7FB00E5FB4B /* ViewController.swift */; };
		64D4F05A1B88F7FB00E5FB4B /* Main.storyboard in Resources */ = {isa = PBXBuildFile; fileRef = 64D4F0581B88F7FB00E5FB4B /* Main.storyboard */; };
		64D4F05C1B88F7FB00E5FB4B /* Images.xcassets in Resources */ = {isa = PBXBuildFile; fileRef = 64D4F05B1B88F7FB00E5FB4B /* Images.xcassets */; };
		64D4F05F1B88F7FB00E5FB4B /* LaunchScreen.xib in Resources */ = {isa = PBXBuildFile; fileRef = 64D4F05D1B88F7FB00E5FB4B /* LaunchScreen.xib */; };
		64D4F06B1B88F7FB00E5FB4B /* FoodTrackerTests.swift in Sources */ = {isa = PBXBuildFile; fileRef = 64D4F06A1B88F7FB00E5FB4B /* FoodTrackerTests.swift */; };
/* End PBXBuildFile section */

/* Begin PBXContainerItemProxy section */
		64D4F0651B88F7FB00E5FB4B /* PBXContainerItemProxy */ = {
			isa = PBXContainerItemProxy;
			containerPortal = 64D4F0471B88F7FB00E5FB4B /* Project object */;
			proxyType = 1;
			remoteGlobalIDString = 64D4F04E1B88F7FB00E5FB4B;
			remoteInfo = FoodTracker;
		};
/* End PBXContainerItemProxy section */

/* Begin PBXFileReference section */
		64D4F04F1B88F7FB00E5FB4B /* FoodTracker.app */ = {isa = PBXFileReference; explicitFileType = wrapper.application; includeInIndex = 0; path = FoodTracker.app; sourceTree = BUILT_PRODUCTS_DIR; };
		64D4F0531B88F7FB00E5FB4B /* Info.plist */ = {isa = PBXFileReference; lastKnownFileType = text.plist.xml; path = Info.plist; sourceTree = "<group>"; };
		64D4F0541B88F7FB00E5FB4B /* AppDelegate.swift */ = {isa = PBXFileReference; lastKnownFileType = sourcecode.swift; path = AppDelegate.swift; sourceTree = "<group>"; };
		64D4F0561B88F7FB00E5FB4B /* ViewController.swift */ = {isa = PBXFileReference; lastKnownFileType = sourcecode.swift; path = ViewController.swift; sourceTree = "<group>"; };
		64D4F0591B88F7FB00E5FB4B /* Base */ = {isa = PBXFileReference; lastKnownFileType = file.storyboard; name = Base; path = Base.lproj/Main.storyboard; sourceTree = "<group>"; };
		64D4F05B1B88F7FB00E5FB4B /* Images.xcassets */ = {isa = PBXFileReference; lastKnownFileType = folder.assetcatalog; path = Images.xcassets; sourceTree = "<group>"; };
		64D4F05E1B88F7FB00E5FB4B /* Base */ = {isa = PBXFileReference; lastKnownFileType = file.xib; name = Base; path = Base.lproj/LaunchScreen.xib; sourceTree = "<group>"; };
		64D4F0641B88F7FB00E5FB4B /* FoodTrackerTests.xctest */ = {isa = PBXFileReference; explicitFileType = wrapper.cfbundle; includeInIndex = 0; path = FoodTrackerTests.xctest; sourceTree = BUILT_PRODUCTS_DIR; };
		64D4F0691B88F7FB00E5FB4B /* Info.plist */ = {isa = PBXFileReference; lastKnownFileType = text.plist.xml; path = Info.plist; sourceTree = "<group>"; };
		64D4F06A1B88F7FB00E5FB4B /* FoodTrackerTests.swift */ = {isa = PBXFileReference; lastKnownFileType = sourcecode.swift; path = FoodTrackerTests.swift; sourceTree = "<group>"; };
/* End PBXFileReference section */

/* Begin PBXFrameworksBuildPhase section */
		64D4F04C1B88F7FB00E5FB4B /* Frameworks */ = {
			isa = PBXFrameworksBuildPhase;
			buildActionMask = 2147483647;
			files = (
			);
			runOnlyForDeploymentPostprocessing = 0;
		};
		64D4F0611B88F7FB00E5FB4B /* Frameworks */ = {
			isa = PBXFrameworksBuildPhase;
			buildActionMask = 2147483647;
			files = (
			);
			runOnlyForDeploymentPostprocessing = 0;
		};
/* End PBXFrameworksBuildPhase section */

/* Begin PBXGroup section */
		64D4F0461B88F7FB00E5FB4B = {
			isa = PBXGroup;
			children = (
				64D4F0511B88F7FB00E5FB4B /* FoodTracker */,
				64D4F0671B88F7FB00E5FB4B /* FoodTrackerTests */,
				64D4F0501B88F7FB00E5FB4B /* Products */,
			);
			sourceTree = "<group>";
		};
		64D4F0501B88F7FB00E5FB4B /* Products */ = {
			isa = PBXGroup;
			children = (
				64D4F04F1B88F7FB00E5FB4B /* FoodTracker.app */,
				64D4F0641B88F7FB00E5FB4B /* FoodTrackerTests.xctest */,
			);
			name = Products;
			sourceTree = "<group>";
		};
		64D4F0511B88F7FB00E5FB4B /* FoodTracker */ = {
			isa = PBXGroup;
			children = (
				64D4F0541B88F7FB00E5FB4B /* AppDelegate.swift */,
				64D4F0561B88F7FB00E5FB4B /* ViewController.swift */,
				64D4F0581B88F7FB00E5FB4B /* Main.storyboard */,
				64D4F05B1B88F7FB00E5FB4B /* Images.xcassets */,
				64D4F05D1B88F7FB00E5FB4B /* LaunchScreen.xib */,
				64D4F0521B88F7FB00E5FB4B /* Supporting Files */,
			);
			path = FoodTracker;
			sourceTree = "<group>";
		};
		64D4F0521B88F7FB00E5FB4B /* Supporting Files */ = {
			isa = PBXGroup;
			children = (
				64D4F0531B88F7FB00E5FB4B /* Info.plist */,
			);
			name = "Supporting Files";
			sourceTree = "<group>";
		};
		64D4F0671B88F7FB00E5FB4B /* FoodTrackerTests */ = {
			isa = PBXGroup;
			children = (
				64D4F06A1B88F7FB00E5FB4B /* FoodTrackerTests.swift */,
				64D4F0681B88F7FB00E5FB4B /* Supporting Files */,
			);
			path = FoodTrackerTests;
			sourceTree = "<group>";
		};
		64D4F0681B88F7FB00E5FB4B /* Supporting Files */ = {
			isa = PBXGroup;
			children = (
				64D4F0691B88F7FB00E5FB4B /* Info.plist */,
			);
			name = "Supporting Files";
			sourceTree = "<group>";
		};
/* End PBXGroup section */

/* Begin PBXNativeTarget section */
		64D4F04E1B88F7FB00E5FB4B /* FoodTracker */ = {
			isa = PBXNativeTarget;
			buildConfigurationList = 64D4F06E1B88F7FB00E5FB4B /* Build configuration list for PBXNativeTarget "FoodTracker" */;
			buildPhases = (
				64D4F04B1B88F7FB00E5FB4B /* Sources */,
				64D4F04C1B88F7FB00E5FB4B /* Frameworks */,
				64D4F04D1B88F7FB00E5FB4B /* Resources */,
			);
			buildRules = (
			);
			dependencies = (
			);
			name = FoodTracker;
			productName = FoodTracker;
			productReference = 64D4F04F1B88F7FB00E5FB4B /* FoodTracker.app */;
			productType = "com.apple.product-type.application";
		};
		64D4F0631B88F7FB00E5FB4B /* FoodTrackerTests */ = {
			isa = PBXNativeTarget;
			buildConfigurationList = 64D4F0711B88F7FB00E5FB4B /* Build configuration list for PBXNativeTarget "FoodTrackerTests" */;
			buildPhases = (
				64D4F0601B88F7FB00E5FB4B /* Sources */,
				64D4F0611B88F7FB00E5FB4B /* Frameworks */,
				64D4F0621B88F7FB00E5FB4B /* Resources */,
			);
			buildRules = (
			);
			dependencies = (
				64D4F0661B88F7FB00E5FB4B /* PBXTargetDependency */,
			);
			name = FoodTrackerTests;
			productName = FoodTrackerTests;
			productReference = 64D4F0641B88F7FB00E5FB4B /* FoodTrackerTests.xctest */;
			productType = "com.apple.product-type.bundle.unit-test";
		};
/* End PBXNativeTarget section */

/* Begin PBXProject section */
		64D4F0471B88F7FB00E5FB4B /* Project object */ = {
			isa = PBXProject;
			attributes = {
				LastUpgradeCheck = 0640;
				ORGANIZATIONNAME = Basys;
				TargetAttributes = {
					64D4F04E1B88F7FB00E5FB4B = {
						CreatedOnToolsVersion = 6.4;
					};
					64D4F0631B88F7FB00E5FB4B = {
						CreatedOnToolsVersion = 6.4;
						TestTargetID = 64D4F04E1B88F7FB00E5FB4B;
					};
				};
			};
			buildConfigurationList = 64D4F04A1B88F7FB00E5FB4B /* Build configuration list for PBXProject "FoodTracker" */;
			compatibilityVersion = "Xcode 3.2";
			developmentRegion = English;
			hasScannedForEncodings = 0;
			knownRegions = (
				en,
				Base,
			);
			mainGroup = 64D4F0461B88F7FB00E5FB4B;
			productRefGroup = 64D4F0501B88F7FB00E5FB4B /* Products */;
			projectDirPath = "";
			projectRoot = "";
			targets = (
				64D4F04E1B88F7FB00E5FB4B /* FoodTracker */,
				64D4F0631B88F7FB00E5FB4B /* FoodTrackerTests */,
			);
		};
/* End PBXProject section */

/* Begin PBXResourcesBuildPhase section */
		64D4F04D1B88F7FB00E5FB4B /* Resources */ = {
			isa = PBXResourcesBuildPhase;
			buildActionMask = 2147483647;
			files = (
				64D4F05A1B88F7FB00E5FB4B /* Main.storyboard in Resources */,
				64D4F05F1B88F7FB00E5FB4B /* LaunchScreen.xib in Resources */,
				64D4F05C1B88F7FB00E5FB4B /* Images.xcassets in Resources */,
			);
			runOnlyForDeploymentPostprocessing = 0;
		};
		64D4F0621B88F7FB00E5FB4B /* Resources */ = {
			isa = PBXResourcesBuildPhase;
			buildActionMask = 2147483647;
			files = (
			);
			runOnlyForDeploymentPostprocessing = 0;
		};
/* End PBXResourcesBuildPhase section */

/* Begin PBXSourcesBuildPhase section */
		64D4F04B1B88F7FB00E5FB4B /* Sources */ = {
			isa = PBXSourcesBuildPhase;
			buildActionMask = 2147483647;
			files = (
				64D4F0571B88F7FB00E5FB4B /* ViewController.swift in Sources */,
				64D4F0551B88F7FB00E5FB4B /* AppDelegate.swift in Sources */,
			);
			runOnlyForDeploymentPostprocessing = 0;
		};
		64D4F0601B88F7FB00E5FB4B /* Sources */ = {
			isa = PBXSourcesBuildPhase;
			buildActionMask = 2147483647;
			files = (
				64D4F06B1B88F7FB00E5FB4B /* FoodTrackerTests.swift in Sources */,
			);
			runOnlyForDeploymentPostprocessing = 0;
		};
/* End PBXSourcesBuildPhase section */

/* Begin PBXTargetDependency section */
		64D4F0661B88F7FB00E5FB4B /* PBXTargetDependency */ = {
			isa = PBXTargetDependency;
			target = 64D4F04E1B88F7FB00E5FB4B /* FoodTracker */;
			targetProxy = 64D4F0651B88F7FB00E5FB4B /* PBXContainerItemProxy */;
		};
/* End PBXTargetDependency section */

/* Begin PBXVariantGroup section */
		64D4F0581B88F7FB00E5FB4B /* Main.storyboard */ = {
			isa = PBXVariantGroup;
			children = (
				64D4F0591B88F7FB00E5FB4B /* Base */,
			);
			name = Main.storyboard;
			sourceTree = "<group>";
		};
		64D4F05D1B88F7FB00E5FB4B /* LaunchScreen.xib */ = {
			isa = PBXVariantGroup;
			children = (
				64D4F05E1B88F7FB00E5FB4B /* Base */,
			);
			name = LaunchScreen.xib;
			sourceTree = "<group>";
		};
/* End PBXVariantGroup section */

/* Begin XCBuildConfiguration section */
		64D4F06C1B88F7FB00E5FB4B /* Debug */ = {
			isa = XCBuildConfiguration;
			buildSettings = {
				ALWAYS_SEARCH_USER_PATHS = NO;
				CLANG_CXX_LANGUAGE_STANDARD = "gnu++0x";
				CLANG_CXX_LIBRARY = "libc++";
				CLANG_ENABLE_MODULES = YES;
				CLANG_ENABLE_OBJC_ARC = YES;
				CLANG_WARN_BOOL_CONVERSION = YES;
				CLANG_WARN_CONSTANT_CONVERSION = YES;
				CLANG_WARN_DIRECT_OBJC_ISA_USAGE = YES_ERROR;
				CLANG_WARN_EMPTY_BODY = YES;
				CLANG_WARN_ENUM_CONVERSION = YES;
				CLANG_WARN_INT_CONVERSION = YES;
				CLANG_WARN_OBJC_ROOT_CLASS = YES_ERROR;
				CLANG_WARN_UNREACHABLE_CODE = YES;
				CLANG_WARN__DUPLICATE_METHOD_MATCH = YES;
				"CODE_SIGN_IDENTITY[sdk=iphoneos*]" = "iPhone Developer";
				COPY_PHASE_STRIP = NO;
				DEBUG_INFORMATION_FORMAT = "dwarf-with-dsym";
				ENABLE_STRICT_OBJC_MSGSEND = YES;
				GCC_C_LANGUAGE_STANDARD = gnu99;
				GCC_DYNAMIC_NO_PIC = NO;
				GCC_NO_COMMON_BLOCKS = YES;
				GCC_OPTIMIZATION_LEVEL = 0;
				GCC_PREPROCESSOR_DEFINITIONS = (
					"DEBUG=1",
					"$(inherited)",
				);
				GCC_SYMBOLS_PRIVATE_EXTERN = NO;
				GCC_WARN_64_TO_32_BIT_CONVERSION = YES;
				GCC_WARN_ABOUT_RETURN_TYPE = YES_ERROR;
				GCC_WARN_UNDECLARED_SELECTOR = YES;
				GCC_WARN_UNINITIALIZED_AUTOS = YES_AGGRESSIVE;
				GCC_WARN_UNUSED_FUNCTION = YES;
				GCC_WARN_UNUSED_VARIABLE = YES;
				IPHONEOS_DEPLOYMENT_TARGET = 8.4;
				MTL_ENABLE_DEBUG_INFO = YES;
				ONLY_ACTIVE_ARCH = YES;
				SDKROOT = iphoneos;
				SWIFT_OPTIMIZATION_LEVEL = "-Onone";
				TARGETED_DEVICE_FAMILY = "1,2";
			};
			name = Debug;
		};
		64D4F06D1B88F7FB00E5FB4B /* Release */ = {
			isa = XCBuildConfiguration;
			buildSettings = {
				ALWAYS_SEARCH_USER_PATHS = NO;
				CLANG_CXX_LANGUAGE_STANDARD = "gnu++0x";
				CLANG_CXX_LIBRARY = "libc++";
				CLANG_ENABLE_MODULES = YES;
				CLANG_ENABLE_OBJC_ARC = YES;
				CLANG_WARN_BOOL_CONVERSION = YES;
				CLANG_WARN_CONSTANT_CONVERSION = YES;
				CLANG_WARN_DIRECT_OBJC_ISA_USAGE = YES_ERROR;
				CLANG_WARN_EMPTY_BODY = YES;
				CLANG_WARN_ENUM_CONVERSION = YES;
				CLANG_WARN_INT_CONVERSION = YES;
				CLANG_WARN_OBJC_ROOT_CLASS = YES_ERROR;
				CLANG_WARN_UNREACHABLE_CODE = YES;
				CLANG_WARN__DUPLICATE_METHOD_MATCH = YES;
				"CODE_SIGN_IDENTITY[sdk=iphoneos*]" = "iPhone Developer";
				COPY_PHASE_STRIP = NO;
				DEBUG_INFORMATION_FORMAT = "dwarf-with-dsym";
				ENABLE_NS_ASSERTIONS = NO;
				ENABLE_STRICT_OBJC_MSGSEND = YES;
				GCC_C_LANGUAGE_STANDARD = gnu99;
				GCC_NO_COMMON_BLOCKS = YES;
				GCC_WARN_64_TO_32_BIT_CONVERSION = YES;
				GCC_WARN_ABOUT_RETURN_TYPE = YES_ERROR;
				GCC_WARN_UNDECLARED_SELECTOR = YES;
				GCC_WARN_UNINITIALIZED_AUTOS = YES_AGGRESSIVE;
				GCC_WARN_UNUSED_FUNCTION = YES;
				GCC_WARN_UNUSED_VARIABLE = YES;
				IPHONEOS_DEPLOYMENT_TARGET = 8.4;
				MTL_ENABLE_DEBUG_INFO = NO;
				SDKROOT = iphoneos;
				TARGETED_DEVICE_FAMILY = "1,2";
				VALIDATE_PRODUCT = YES;
			};
			name = Release;
		};
		64D4F06F1B88F7FB00E5FB4B /* Debug */ = {
			isa = XCBuildConfiguration;
			buildSettings = {
				ASSETCATALOG_COMPILER_APPICON_NAME = AppIcon;
				INFOPLIST_FILE = FoodTracker/Info.plist;
				LD_RUNPATH_SEARCH_PATHS = "$(inherited) @executable_path/Frameworks";
				PRODUCT_NAME = "$(TARGET_NAME)";
			};
			name = Debug;
		};
		64D4F0701B88F7FB00E5FB4B /* Release */ = {
			isa = XCBuildConfiguration;
			buildSettings = {
				ASSETCATALOG_COMPILER_APPICON_NAME = AppIcon;
				INFOPLIST_FILE = FoodTracker/Info.plist;
				LD_RUNPATH_SEARCH_PATHS = "$(inherited) @executable_path/Frameworks";
				PRODUCT_NAME = "$(TARGET_NAME)";
			};
			name = Release;
		};
		64D4F0721B88F7FB00E5FB4B /* Debug */ = {
			isa = XCBuildConfiguration;
			buildSettings = {
				BUNDLE_LOADER = "$(TEST_HOST)";
				FRAMEWORK_SEARCH_PATHS = (
					"$(SDKROOT)/Developer/Library/Frameworks",
					"$(inherited)",
				);
				GCC_PREPROCESSOR_DEFINITIONS = (
					"DEBUG=1",
					"$(inherited)",
				);
				INFOPLIST_FILE = FoodTrackerTests/Info.plist;
				LD_RUNPATH_SEARCH_PATHS = "$(inherited) @executable_path/Frameworks @loader_path/Frameworks";
				PRODUCT_NAME = "$(TARGET_NAME)";
				TEST_HOST = "$(BUILT_PRODUCTS_DIR)/FoodTracker.app/FoodTracker";
			};
			name = Debug;
		};
		64D4F0731B88F7FB00E5FB4B /* Release */ = {
			isa = XCBuildConfiguration;
			buildSettings = {
				BUNDLE_LOADER = "$(TEST_HOST)";
				FRAMEWORK_SEARCH_PATHS = (
					"$(SDKROOT)/Developer/Library/Frameworks",
					"$(inherited)",
				);
				INFOPLIST_FILE = FoodTrackerTests/Info.plist;
				LD_RUNPATH_SEARCH_PATHS = "$(inherited) @executable_path/Frameworks @loader_path/Frameworks";
				PRODUCT_NAME = "$(TARGET_NAME)";
				TEST_HOST = "$(BUILT_PRODUCTS_DIR)/FoodTracker.app/FoodTracker";
			};
			name = Release;
		};
/* End XCBuildConfiguration section */

/* Begin XCConfigurationList section */
		64D4F04A1B88F7FB00E5FB4B /* Build configuration list for PBXProject "FoodTracker" */ = {
			isa = XCConfigurationList;
			buildConfigurations = (
				64D4F06C1B88F7FB00E5FB4B /* Debug */,
				64D4F06D1B88F7FB00E5FB4B /* Release */,
			);
			defaultConfigurationIsVisible = 0;
			defaultConfigurationName = Release;
		};
		64D4F06E1B88F7FB00E5FB4B /* Build configuration list for PBXNativeTarget "FoodTracker" */ = {
			isa = XCConfigurationList;
			buildConfigurations = (
				64D4F06F1B88F7FB00E5FB4B /* Debug */,
				64D4F0701B88F7FB00E5FB4B /* Release */,
			);
			defaultConfigurationIsVisible = 0;
		};
		64D4F0711B88F7FB00E5FB4B /* Build configuration list for PBXNativeTarget "FoodTrackerTests" */ = {
			isa = XCConfigurationList;
			buildConfigurations = (
				64D4F0721B88F7FB00E5FB4B /* Debug */,
				64D4F0731B88F7FB00E5FB4B /* Release */,
			);
			defaultConfigurationIsVisible = 0;
		};
/* End XCConfigurationList section */
	};
	rootObject = 64D4F0471B88F7FB00E5FB4B /* Project object */;
}
